name: Refresh package lock for repair branch

on:
  push:
    branches: ["chatgpt/fix-eslint-peer"]

permissions:
  contents: write

jobs:
  refresh-lock:
    runs-on: ubuntu-latest
    timeout-minutes: 15
    steps:
      - name: Checkout repair branch
        uses: actions/checkout@v4
        with:
          ref: chatgpt/fix-eslint-peer

      - name: Setup Node
        uses: actions/setup-node@v4
        with:
          node-version: 20
          cache: npm

      - name: Regenerate lockfile
        run: npm install --package-lock-only --ignore-scripts

      - name: Commit regenerated lockfile
        run: |
          git config user.name "github-actions[bot]"
          git config user.email "41898282+github-actions[bot]@users.noreply.github.com"
          git add package-lock.json
          if git diff --cached --quiet; then
            echo "No lockfile changes to commit."
          else
            git commit -m "chore: regenerate package lock"
            git push origin HEAD:chatgpt/fix-eslint-peer
          fi
